
Microsoft Visual Studio Solution File, Format Version 12.00
# Visual Studio Version 17
VisualStudioVersion = 17.4.33205.214
MinimumVisualStudioVersion = 10.0.40219.1
Project("{FAE04EC0-301F-11D3-BF4B-00C04F79EFBC}") = "1", "1.csproj", "{85DCC9E3-D7FC-49E7-9F90-B153A5589F96}"
EndProject
Global
	GlobalSection(SolutionConfigurationPlatforms) = preSolution
		Debug|Any CPU = Debug|Any CPU
		Release|Any CPU = Release|Any CPU
	EndGlobalSection
	GlobalSection(ProjectConfigurationPlatforms) = postSolution
		{85DCC9E3-D7FC-49E7-9F90-B153A5589F96}.Debug|Any CPU.ActiveCfg = Debug|Any CPU
		{85DCC9E3-D7FC-49E7-9F90-B153A5589F96}.Debug|Any CPU.Build.0 = Debug|Any CPU
		{85DCC9E3-D7FC-49E7-9F90-B153A5589F96}.Release|Any CPU.ActiveCfg = Release|Any CPU
		{85DCC9E3-D7FC-49E7-9F90-B153A5589F96}.Release|Any CPU.Build.0 = Release|Any CPU
	EndGlobalSection
	GlobalSection(SolutionProperties) = preSolution
		HideSolutionNode = FALSE
	EndGlobalSection
	GlobalSection(ExtensibilityGlobals) = postSolution
		SolutionGuid = {63BFBD16-A97B-41C0-90EB-6993B840C93B}
	EndGlobalSection
EndGlobal
